
Microsoft Visual Studio Solution File, Format Version 12.00
# Visual Studio Version 17
VisualStudioVersion = 17.10.35013.160
MinimumVisualStudioVersion = 10.0.40219.1
Project("{9A19103F-16F7-4668-BE54-9A1E7A4F7556}") = "BankingApp", "BankingApp\BankingApp.csproj", "{0A07AC53-D5FB-4E3B-9A9D-FB233B64A3BC}"
EndProject
Project("{FAE04EC0-301F-11D3-BF4B-00C04F79EFBC}") = "xUnitTesting", "xUnitTesting\xUnitTesting.csproj", "{9922A23A-07D5-46FC-8C0B-8FEE2727937B}"
EndProject
Global
	GlobalSection(SolutionConfigurationPlatforms) = preSolution
		Debug|Any CPU = Debug|Any CPU
		Release|Any CPU = Release|Any CPU
	EndGlobalSection
	GlobalSection(ProjectConfigurationPlatforms) = postSolution
		{0A07AC53-D5FB-4E3B-9A9D-FB233B64A3BC}.Debug|Any CPU.ActiveCfg = Debug|Any CPU
		{0A07AC53-D5FB-4E3B-9A9D-FB233B64A3BC}.Debug|Any CPU.Build.0 = Debug|Any CPU
		{0A07AC53-D5FB-4E3B-9A9D-FB233B64A3BC}.Release|Any CPU.ActiveCfg = Release|Any CPU
		{0A07AC53-D5FB-4E3B-9A9D-FB233B64A3BC}.Release|Any CPU.Build.0 = Release|Any CPU
		{9922A23A-07D5-46FC-8C0B-8FEE2727937B}.Debug|Any CPU.ActiveCfg = Debug|Any CPU
		{9922A23A-07D5-46FC-8C0B-8FEE2727937B}.Debug|Any CPU.Build.0 = Debug|Any CPU
		{9922A23A-07D5-46FC-8C0B-8FEE2727937B}.Release|Any CPU.ActiveCfg = Release|Any CPU
		{9922A23A-07D5-46FC-8C0B-8FEE2727937B}.Release|Any CPU.Build.0 = Release|Any CPU
	EndGlobalSection
	GlobalSection(SolutionProperties) = preSolution
		HideSolutionNode = FALSE
	EndGlobalSection
	GlobalSection(ExtensibilityGlobals) = postSolution
		SolutionGuid = {FB20B640-7274-41CB-B277-FF28763B04B2}
	EndGlobalSection
EndGlobal
